
Microsoft Visual Studio Solution File, Format Version 12.00
# Visual Studio Version 17
VisualStudioVersion = 17.9.34728.123
MinimumVisualStudioVersion = 10.0.40219.1
Project("{9A19103F-16F7-4668-BE54-9A1E7A4F7556}") = "ProjectTypes.API", "ProjectTypes.API\ProjectTypes.API.csproj", "{227211B8-0DC3-459F-9D45-A4F1DA4F2BAF}"
EndProject
Project("{9A19103F-16F7-4668-BE54-9A1E7A4F7556}") = "ProjectTypes.UI", "ProjectTypes.UI\ProjectTypes.UI.csproj", "{A4E89385-5880-4C8A-8F9B-9CF117FAC98C}"
EndProject
Global
	GlobalSection(SolutionConfigurationPlatforms) = preSolution
		Debug|Any CPU = Debug|Any CPU
		Release|Any CPU = Release|Any CPU
	EndGlobalSection
	GlobalSection(ProjectConfigurationPlatforms) = postSolution
		{227211B8-0DC3-459F-9D45-A4F1DA4F2BAF}.Debug|Any CPU.ActiveCfg = Debug|Any CPU
		{227211B8-0DC3-459F-9D45-A4F1DA4F2BAF}.Debug|Any CPU.Build.0 = Debug|Any CPU
		{227211B8-0DC3-459F-9D45-A4F1DA4F2BAF}.Release|Any CPU.ActiveCfg = Release|Any CPU
		{227211B8-0DC3-459F-9D45-A4F1DA4F2BAF}.Release|Any CPU.Build.0 = Release|Any CPU
		{A4E89385-5880-4C8A-8F9B-9CF117FAC98C}.Debug|Any CPU.ActiveCfg = Debug|Any CPU
		{A4E89385-5880-4C8A-8F9B-9CF117FAC98C}.Debug|Any CPU.Build.0 = Debug|Any CPU
		{A4E89385-5880-4C8A-8F9B-9CF117FAC98C}.Release|Any CPU.ActiveCfg = Release|Any CPU
		{A4E89385-5880-4C8A-8F9B-9CF117FAC98C}.Release|Any CPU.Build.0 = Release|Any CPU
	EndGlobalSection
	GlobalSection(SolutionProperties) = preSolution
		HideSolutionNode = FALSE
	EndGlobalSection
	GlobalSection(ExtensibilityGlobals) = postSolution
		SolutionGuid = {69CDEE85-EB7A-47CF-B5DD-43817B65603B}
	EndGlobalSection
EndGlobal
